
Microsoft Visual Studio Solution File, Format Version 12.00
# Visual Studio 15
VisualStudioVersion = 15.0.28307.572
MinimumVisualStudioVersion = 10.0.40219.1
Project("{888888A0-9F3D-457C-B088-3A5042F75D52}") = "tests", "tests.pyproj", "{102BF607-1630-4C9F-85D2-AD0DBB8A3854}"
EndProject
Global
	GlobalSection(SolutionConfigurationPlatforms) = preSolution
		Debug|Any CPU = Debug|Any CPU
		Release|Any CPU = Release|Any CPU
	EndGlobalSection
	GlobalSection(ProjectConfigurationPlatforms) = postSolution
		{102BF607-1630-4C9F-85D2-AD0DBB8A3854}.Debug|Any CPU.ActiveCfg = Debug|Any CPU
		{102BF607-1630-4C9F-85D2-AD0DBB8A3854}.Release|Any CPU.ActiveCfg = Release|Any CPU
	EndGlobalSection
	GlobalSection(SolutionProperties) = preSolution
		HideSolutionNode = FALSE
	EndGlobalSection
	GlobalSection(ExtensibilityGlobals) = postSolution
		SolutionGuid = {A3580043-E511-4FAB-B03C-2F0488B7DB88}
	EndGlobalSection
EndGlobal
